Microsoft Visual Studio Solution File, Format Version 12.00
# Visual Studio Version 17
VisualStudioVersion = 17.5.2.0
MinimumVisualStudioVersion = 10.0.40219.1
Project("{FAE04EC0-301F-11D3-BF4B-00C04F79EFBC}") = "windows-global-launcher", "windows-global-launcher.csproj", "{95DF2733-F0B6-9CD1-610D-F9377B8696A5}"
EndProject
Project("{FAE04EC0-301F-11D3-BF4B-00C04F79EFBC}") = "CommandLauncher.Tests", "tests/CommandLauncher.Tests/CommandLauncher.Tests.csproj", "{27254BD0-C125-4CC0-B637-FBB66BFF264B}"
EndProject
Global
	GlobalSection(SolutionConfigurationPlatforms) = preSolution
		Debug|Any CPU = Debug|Any CPU
		Release|Any CPU = Release|Any CPU
	EndGlobalSection
	GlobalSection(ProjectConfigurationPlatforms) = postSolution
		{95DF2733-F0B6-9CD1-610D-F9377B8696A5}.Debug|Any CPU.ActiveCfg = Debug|Any CPU
		{95DF2733-F0B6-9CD1-610D-F9377B8696A5}.Debug|Any CPU.Build.0 = Debug|Any CPU
		{95DF2733-F0B6-9CD1-610D-F9377B8696A5}.Release|Any CPU.ActiveCfg = Release|Any CPU
                {95DF2733-F0B6-9CD1-610D-F9377B8696A5}.Release|Any CPU.Build.0 = Release|Any CPU
                {27254BD0-C125-4CC0-B637-FBB66BFF264B}.Debug|Any CPU.ActiveCfg = Debug|Any CPU
                {27254BD0-C125-4CC0-B637-FBB66BFF264B}.Debug|Any CPU.Build.0 = Debug|Any CPU
                {27254BD0-C125-4CC0-B637-FBB66BFF264B}.Release|Any CPU.ActiveCfg = Release|Any CPU
                {27254BD0-C125-4CC0-B637-FBB66BFF264B}.Release|Any CPU.Build.0 = Release|Any CPU
        EndGlobalSection
	GlobalSection(SolutionProperties) = preSolution
		HideSolutionNode = FALSE
	EndGlobalSection
	GlobalSection(ExtensibilityGlobals) = postSolution
		SolutionGuid = {E52B2743-0C86-48F7-B81C-08406B0E82EF}
	EndGlobalSection
EndGlobal
